Microsoft Visual Studio Solution File, Format Version 12.00
# Visual Studio Version 17
VisualStudioVersion = 17.5.2.0
MinimumVisualStudioVersion = 10.0.40219.1
Project("{FAE04EC0-301F-11D3-BF4B-00C04F79EFBC}") = "geometric ascii art", "geometric ascii art.csproj", "{7FD78A4C-FCE2-E486-59C5-6CD0FE559DEE}"
EndProject
Global
	GlobalSection(SolutionConfigurationPlatforms) = preSolution
		Debug|Any CPU = Debug|Any CPU
		Release|Any CPU = Release|Any CPU
	EndGlobalSection
	GlobalSection(ProjectConfigurationPlatforms) = postSolution
		{7FD78A4C-FCE2-E486-59C5-6CD0FE559DEE}.Debug|Any CPU.ActiveCfg = Debug|Any CPU
		{7FD78A4C-FCE2-E486-59C5-6CD0FE559DEE}.Debug|Any CPU.Build.0 = Debug|Any CPU
		{7FD78A4C-FCE2-E486-59C5-6CD0FE559DEE}.Release|Any CPU.ActiveCfg = Release|Any CPU
		{7FD78A4C-FCE2-E486-59C5-6CD0FE559DEE}.Release|Any CPU.Build.0 = Release|Any CPU
	EndGlobalSection
	GlobalSection(SolutionProperties) = preSolution
		HideSolutionNode = FALSE
	EndGlobalSection
	GlobalSection(ExtensibilityGlobals) = postSolution
		SolutionGuid = {68B8760C-58CA-4E64-A13E-B4041D67142F}
	EndGlobalSection
EndGlobal
