Microsoft Visual Studio Solution File, Format Version 12.00
# Visual Studio Version 17
VisualStudioVersion = 17.5.2.0
MinimumVisualStudioVersion = 10.0.40219.1
Project("{FAE04EC0-301F-11D3-BF4B-00C04F79EFBC}") = "rocketship", "rocketship.csproj", "{70EC4720-CD3E-3871-013A-56BADABB33E6}"
EndProject
Global
	GlobalSection(SolutionConfigurationPlatforms) = preSolution
		Debug|Any CPU = Debug|Any CPU
		Release|Any CPU = Release|Any CPU
	EndGlobalSection
	GlobalSection(ProjectConfigurationPlatforms) = postSolution
		{70EC4720-CD3E-3871-013A-56BADABB33E6}.Debug|Any CPU.ActiveCfg = Debug|Any CPU
		{70EC4720-CD3E-3871-013A-56BADABB33E6}.Debug|Any CPU.Build.0 = Debug|Any CPU
		{70EC4720-CD3E-3871-013A-56BADABB33E6}.Release|Any CPU.ActiveCfg = Release|Any CPU
		{70EC4720-CD3E-3871-013A-56BADABB33E6}.Release|Any CPU.Build.0 = Release|Any CPU
	EndGlobalSection
	GlobalSection(SolutionProperties) = preSolution
		HideSolutionNode = FALSE
	EndGlobalSection
	GlobalSection(ExtensibilityGlobals) = postSolution
		SolutionGuid = {B3A9C860-BA42-4065-970E-D1793E07F378}
	EndGlobalSection
EndGlobal
