Microsoft Visual Studio Solution File, Format Version 12.00
# Visual Studio Version 17
VisualStudioVersion = 17.5.2.0
MinimumVisualStudioVersion = 10.0.40219.1
Project("{FAE04EC0-301F-11D3-BF4B-00C04F79EFBC}") = "Average of squares", "Average of squares.csproj", "{0300B657-0095-E461-6ED7-7C7ABCA9A46E}"
EndProject
Global
	GlobalSection(SolutionConfigurationPlatforms) = preSolution
		Debug|Any CPU = Debug|Any CPU
		Release|Any CPU = Release|Any CPU
	EndGlobalSection
	GlobalSection(ProjectConfigurationPlatforms) = postSolution
		{0300B657-0095-E461-6ED7-7C7ABCA9A46E}.Debug|Any CPU.ActiveCfg = Debug|Any CPU
		{0300B657-0095-E461-6ED7-7C7ABCA9A46E}.Debug|Any CPU.Build.0 = Debug|Any CPU
		{0300B657-0095-E461-6ED7-7C7ABCA9A46E}.Release|Any CPU.ActiveCfg = Release|Any CPU
		{0300B657-0095-E461-6ED7-7C7ABCA9A46E}.Release|Any CPU.Build.0 = Release|Any CPU
	EndGlobalSection
	GlobalSection(SolutionProperties) = preSolution
		HideSolutionNode = FALSE
	EndGlobalSection
	GlobalSection(ExtensibilityGlobals) = postSolution
		SolutionGuid = {61C42BC0-12FE-4CC2-B96D-4FAEF549448F}
	EndGlobalSection
EndGlobal
