Microsoft Visual Studio Solution File, Format Version 12.00
# Visual Studio Version 17
VisualStudioVersion = 17.5.2.0
MinimumVisualStudioVersion = 10.0.40219.1
Project("{FAE04EC0-301F-11D3-BF4B-00C04F79EFBC}") = "More ascii art", "More ascii art.csproj", "{FE9DA85B-7CDE-33EB-1677-8E093BBB534D}"
EndProject
Global
	GlobalSection(SolutionConfigurationPlatforms) = preSolution
		Debug|Any CPU = Debug|Any CPU
		Release|Any CPU = Release|Any CPU
	EndGlobalSection
	GlobalSection(ProjectConfigurationPlatforms) = postSolution
		{FE9DA85B-7CDE-33EB-1677-8E093BBB534D}.Debug|Any CPU.ActiveCfg = Debug|Any CPU
		{FE9DA85B-7CDE-33EB-1677-8E093BBB534D}.Debug|Any CPU.Build.0 = Debug|Any CPU
		{FE9DA85B-7CDE-33EB-1677-8E093BBB534D}.Release|Any CPU.ActiveCfg = Release|Any CPU
		{FE9DA85B-7CDE-33EB-1677-8E093BBB534D}.Release|Any CPU.Build.0 = Release|Any CPU
	EndGlobalSection
	GlobalSection(SolutionProperties) = preSolution
		HideSolutionNode = FALSE
	EndGlobalSection
	GlobalSection(ExtensibilityGlobals) = postSolution
		SolutionGuid = {F6FE54A3-A898-4001-BA4A-334AE3FFE3DC}
	EndGlobalSection
EndGlobal
